// !$*UTF8*$!
{
	archiveVersion = 1;
	classes = {
	};
	objectVersion = 46;
	objects = {

/* Begin PBXBuildFile section */
		5C589B201D3BBE6D006225C4 /* main.m in Sources */ = {isa = PBXBuildFile; fileRef = 5C589B1F1D3BBE6D006225C4 /* main.m */; };
		5C589B231D3BBE6D006225C4 /* AppDelegate.m in Sources */ = {isa = PBXBuildFile; fileRef = 5C589B221D3BBE6D006225C4 /* AppDelegate.m */; };
		5C589B261D3BBE6D006225C4 /* ViewController.m in Sources */ = {isa = PBXBuildFile; fileRef = 5C589B251D3BBE6D006225C4 /* ViewController.m */; };
		5C589B291D3BBE6D006225C4 /* Main.storyboard in Resources */ = {isa = PBXBuildFile; fileRef = 5C589B271D3BBE6D006225C4 /* Main.storyboard */; };
		5C589B2B1D3BBE6D006225C4 /* Assets.xcassets in Resources */ = {isa = PBXBuildFile; fileRef = 5C589B2A1D3BBE6D006225C4 /* Assets.xcassets */; };
		5C589B2E1D3BBE6D006225C4 /* LaunchScreen.storyboard in Resources */ = {isa = PBXBuildFile; fileRef = 5C589B2C1D3BBE6D006225C4 /* LaunchScreen.storyboard */; };
		5C589B391D3BBE6D006225C4 /* DEMOTests.m in Sources */ = {isa = PBXBuildFile; fileRef = 5C589B381D3BBE6D006225C4 /* DEMOTests.m */; };
		5C589B441D3BBE6D006225C4 /* DEMOUITests.m in Sources */ = {isa = PBXBuildFile; fileRef = 5C589B431D3BBE6D006225C4 /* DEMOUITests.m */; };
/* End PBXBuildFile section */

/* Begin PBXContainerItemProxy section */
		5C589B351D3BBE6D006225C4 /* PBXContainerItemProxy */ = {
			isa = PBXContainerItemProxy;
			containerPortal = 5C589B131D3BBE6D006225C4 /* Project object */;
			proxyType = 1;
			remoteGlobalIDString = 5C589B1A1D3BBE6D006225C4;
			remoteInfo = DEMO;
		};
		5C589B401D3BBE6D006225C4 /* PBXContainerItemProxy */ = {
			isa = PBXContainerItemProxy;
			containerPortal = 5C589B131D3BBE6D006225C4 /* Project object */;
			proxyType = 1;
			remoteGlobalIDString = 5C589B1A1D3BBE6D006225C4;
			remoteInfo = DEMO;
		};
/* End PBXContainerItemProxy section */

/* Begin PBXFileReference section */
		5C589B1B1D3BBE6D006225C4 /* DEMO.app */ = {isa = PBXFileReference; explicitFileType = wrapper.application; includeInIndex = 0; path = DEMO.app; sourceTree = BUILT_PRODUCTS_DIR; };
		5C589B1F1D3BBE6D006225C4 /* main.m */ = {isa = PBXFileReference; lastKnownFileType = sourcecode.c.objc; path = main.m; sourceTree = "<group>"; };
		5C589B211D3BBE6D006225C4 /* AppDelegate.h */ = {isa = PBXFileReference; lastKnownFileType = sourcecode.c.h; path = AppDelegate.h; sourceTree = "<group>"; };
		5C589B221D3BBE6D006225C4 /* AppDelegate.m */ = {isa = PBXFileReference; lastKnownFileType = sourcecode.c.objc; path = AppDelegate.m; sourceTree = "<group>"; };
		5C589B241D3BBE6D006225C4 /* ViewController.h */ = {isa = PBXFileReference; lastKnownFileType = sourcecode.c.h; path = ViewController.h; sourceTree = "<group>"; };
		5C589B251D3BBE6D006225C4 /* ViewController.m */ = {isa = PBXFileReference; lastKnownFileType = sourcecode.c.objc; path = ViewController.m; sourceTree = "<group>"; };
		5C589B281D3BBE6D006225C4 /* Base */ = {isa = PBXFileReference; lastKnownFileType = file.storyboard; name = Base; path = Base.lproj/Main.storyboard; sourceTree = "<group>"; };
		5C589B2A1D3BBE6D006225C4 /* Assets.xcassets */ = {isa = PBXFileReference; lastKnownFileType = folder.assetcatalog; path = Assets.xcassets; sourceTree = "<group>"; };
		5C589B2D1D3BBE6D006225C4 /* Base */ = {isa = PBXFileReference; lastKnownFileType = file.storyboard; name = Base; path = Base.lproj/LaunchScreen.storyboard; sourceTree = "<group>"; };
		5C589B2F1D3BBE6D006225C4 /* Info.plist */ = {isa = PBXFileReference; lastKnownFileType = text.plist.xml; path = Info.plist; sourceTree = "<group>"; };
		5C589B341D3BBE6D006225C4 /* DEMOTests.xctest */ = {isa = PBXFileReference; explicitFileType = wrapper.cfbundle; includeInIndex = 0; path = DEMOTests.xctest; sourceTree = BUILT_PRODUCTS_DIR; };
		5C589B381D3BBE6D006225C4 /* DEMOTests.m */ = {isa = PBXFileReference; lastKnownFileType = sourcecode.c.objc; path = DEMOTests.m; sourceTree = "<group>"; };
		5C589B3A1D3BBE6D006225C4 /* Info.plist */ = {isa = PBXFileReference; lastKnownFileType = text.plist.xml; path = Info.plist; sourceTree = "<group>"; };
		5C589B3F1D3BBE6D006225C4 /* DEMOUITests.xctest */ = {isa = PBXFileReference; explicitFileType = wrapper.cfbundle; includeInIndex = 0; path = DEMOUITests.xctest; sourceTree = BUILT_PRODUCTS_DIR; };
		5C589B431D3BBE6D006225C4 /* DEMOUITests.m */ = {isa = PBXFileReference; lastKnownFileType = sourcecode.c.objc; path = DEMOUITests.m; sourceTree = "<group>"; };
		5C589B451D3BBE6D006225C4 /* Info.plist */ = {isa = PBXFileReference; lastKnownFileType = text.plist.xml; path = Info.plist; sourceTree = "<group>"; };
/* End PBXFileReference section */

/* Begin PBXFrameworksBuildPhase section */
		5C589B181D3BBE6D006225C4 /* Frameworks */ = {
			isa = PBXFrameworksBuildPhase;
			buildActionMask = 2147483647;
			files = (
			);
			runOnlyForDeploymentPostprocessing = 0;
		};
		5C589B311D3BBE6D006225C4 /* Frameworks */ = {
			isa = PBXFrameworksBuildPhase;
			buildActionMask = 2147483647;
			files = (
			);
			runOnlyForDeploymentPostprocessing = 0;
		};
		5C589B3C1D3BBE6D006225C4 /* Frameworks */ = {
			isa = PBXFrameworksBuildPhase;
			buildActionMask = 2147483647;
			files = (
			);
			runOnlyForDeploymentPostprocessing = 0;
		};
/* End PBXFrameworksBuildPhase section */

/* Begin PBXGroup section */
		5C589B121D3BBE6D006225C4 = {
			isa = PBXGroup;
			children = (
				5C589B1D1D3BBE6D006225C4 /* DEMO */,
				5C589B371D3BBE6D006225C4 /* DEMOTests */,
				5C589B421D3BBE6D006225C4 /* DEMOUITests */,
				5C589B1C1D3BBE6D006225C4 /* Products */,
			);
			sourceTree = "<group>";
		};
		5C589B1C1D3BBE6D006225C4 /* Products */ = {
			isa = PBXGroup;
			children = (
				5C589B1B1D3BBE6D006225C4 /* DEMO.app */,
				5C589B341D3BBE6D006225C4 /* DEMOTests.xctest */,
				5C589B3F1D3BBE6D006225C4 /* DEMOUITests.xctest */,
			);
			name = Products;
			sourceTree = "<group>";
		};
		5C589B1D1D3BBE6D006225C4 /* DEMO */ = {
			isa = PBXGroup;
			children = (
				5C589B211D3BBE6D006225C4 /* AppDelegate.h */,
				5C589B221D3BBE6D006225C4 /* AppDelegate.m */,
				5C589B241D3BBE6D006225C4 /* ViewController.h */,
				5C589B251D3BBE6D006225C4 /* ViewController.m */,
				5C589B271D3BBE6D006225C4 /* Main.storyboard */,
				5C589B2A1D3BBE6D006225C4 /* Assets.xcassets */,
				5C589B2C1D3BBE6D006225C4 /* LaunchScreen.storyboard */,
				5C589B2F1D3BBE6D006225C4 /* Info.plist */,
				5C589B1E1D3BBE6D006225C4 /* Supporting Files */,
			);
			path = DEMO;
			sourceTree = "<group>";
		};
		5C589B1E1D3BBE6D006225C4 /* Supporting Files */ = {
			isa = PBXGroup;
			children = (
				5C589B1F1D3BBE6D006225C4 /* main.m */,
			);
			name = "Supporting Files";
			sourceTree = "<group>";
		};
		5C589B371D3BBE6D006225C4 /* DEMOTests */ = {
			isa = PBXGroup;
			children = (
				5C589B381D3BBE6D006225C4 /* DEMOTests.m */,
				5C589B3A1D3BBE6D006225C4 /* Info.plist */,
			);
			path = DEMOTests;
			sourceTree = "<group>";
		};
		5C589B421D3BBE6D006225C4 /* DEMOUITests */ = {
			isa = PBXGroup;
			children = (
				5C589B431D3BBE6D006225C4 /* DEMOUITests.m */,
				5C589B451D3BBE6D006225C4 /* Info.plist */,
			);
			path = DEMOUITests;
			sourceTree = "<group>";
		};
/* End PBXGroup section */

/* Begin PBXNativeTarget section */
		5C589B1A1D3BBE6D006225C4 /* DEMO */ = {
			isa = PBXNativeTarget;
			buildConfigurationList = 5C589B481D3BBE6D006225C4 /* Build configuration list for PBXNativeTarget "DEMO" */;
			buildPhases = (
				5C589B171D3BBE6D006225C4 /* Sources */,
				5C589B181D3BBE6D006225C4 /* Frameworks */,
				5C589B191D3BBE6D006225C4 /* Resources */,
			);
			buildRules = (
			);
			dependencies = (
			);
			name = DEMO;
			productName = DEMO;
			productReference = 5C589B1B1D3BBE6D006225C4 /* DEMO.app */;
			productType = "com.apple.product-type.application";
		};
		5C589B331D3BBE6D006225C4 /* DEMOTests */ = {
			isa = PBXNativeTarget;
			buildConfigurationList = 5C589B4B1D3BBE6D006225C4 /* Build configuration list for PBXNativeTarget "DEMOTests" */;
			buildPhases = (
				5C589B301D3BBE6D006225C4 /* Sources */,
				5C589B311D3BBE6D006225C4 /* Frameworks */,
				5C589B321D3BBE6D006225C4 /* Resources */,
			);
			buildRules = (
			);
			dependencies = (
				5C589B361D3BBE6D006225C4 /* PBXTargetDependency */,
			);
			name = DEMOTests;
			productName = DEMOTests;
			productReference = 5C589B341D3BBE6D006225C4 /* DEMOTests.xctest */;
			productType = "com.apple.product-type.bundle.unit-test";
		};
		5C589B3E1D3BBE6D006225C4 /* DEMOUITests */ = {
			isa = PBXNativeTarget;
			buildConfigurationList = 5C589B4E1D3BBE6D006225C4 /* Build configuration list for PBXNativeTarget "DEMOUITests" */;
			buildPhases = (
				5C589B3B1D3BBE6D006225C4 /* Sources */,
				5C589B3C1D3BBE6D006225C4 /* Frameworks */,
				5C589B3D1D3BBE6D006225C4 /* Resources */,
			);
			buildRules = (
			);
			dependencies = (
				5C589B411D3BBE6D006225C4 /* PBXTargetDependency */,
			);
			name = DEMOUITests;
			productName = DEMOUITests;
			productReference = 5C589B3F1D3BBE6D006225C4 /* DEMOUITests.xctest */;
			productType = "com.apple.product-type.bundle.ui-testing";
		};
/* End PBXNativeTarget section */

/* Begin PBXProject section */
		5C589B131D3BBE6D006225C4 /* Project object */ = {
			isa = PBXProject;
			attributes = {
				LastUpgradeCheck = 0730;
				ORGANIZATIONNAME = "奚仲伟";
				TargetAttributes = {
					5C589B1A1D3BBE6D006225C4 = {
						CreatedOnToolsVersion = 7.3.1;
						DevelopmentTeam = 2MM44S9A42;
					};
					5C589B331D3BBE6D006225C4 = {
						CreatedOnToolsVersion = 7.3.1;
						DevelopmentTeam = 2MM44S9A42;
						TestTargetID = 5C589B1A1D3BBE6D006225C4;
					};
					5C589B3E1D3BBE6D006225C4 = {
						CreatedOnToolsVersion = 7.3.1;
						DevelopmentTeam = 2MM44S9A42;
						TestTargetID = 5C589B1A1D3BBE6D006225C4;
					};
				};
			};
			buildConfigurationList = 5C589B161D3BBE6D006225C4 /* Build configuration list for PBXProject "DEMO" */;
			compatibilityVersion = "Xcode 3.2";
			developmentRegion = English;
			hasScannedForEncodings = 0;
			knownRegions = (
				en,
				Base,
			);
			mainGroup = 5C589B121D3BBE6D006225C4;
			productRefGroup = 5C589B1C1D3BBE6D006225C4 /* Products */;
			projectDirPath = "";
			projectRoot = "";
			targets = (
				5C589B1A1D3BBE6D006225C4 /* DEMO */,
				5C589B331D3BBE6D006225C4 /* DEMOTests */,
				5C589B3E1D3BBE6D006225C4 /* DEMOUITests */,
			);
		};
/* End PBXProject section */

/* Begin PBXResourcesBuildPhase section */
		5C589B191D3BBE6D006225C4 /* Resources */ = {
			isa = PBXResourcesBuildPhase;
			buildActionMask = 2147483647;
			files = (
				5C589B2E1D3BBE6D006225C4 /* LaunchScreen.storyboard in Resources */,
				5C589B2B1D3BBE6D006225C4 /* Assets.xcassets in Resources */,
				5C589B291D3BBE6D006225C4 /* Main.storyboard in Resources */,
			);
			runOnlyForDeploymentPostprocessing = 0;
		};
		5C589B321D3BBE6D006225C4 /* Resources */ = {
			isa = PBXResourcesBuildPhase;
			buildActionMask = 2147483647;
			files = (
			);
			runOnlyForDeploymentPostprocessing = 0;
		};
		5C589B3D1D3BBE6D006225C4 /* Resources */ = {
			isa = PBXResourcesBuildPhase;
			buildActionMask = 2147483647;
			files = (
			);
			runOnlyForDeploymentPostprocessing = 0;
		};
/* End PBXResourcesBuildPhase section */

/* Begin PBXSourcesBuildPhase section */
		5C589B171D3BBE6D006225C4 /* Sources */ = {
			isa = PBXSourcesBuildPhase;
			buildActionMask = 2147483647;
			files = (
				5C589B261D3BBE6D006225C4 /* ViewController.m in Sources */,
				5C589B231D3BBE6D006225C4 /* AppDelegate.m in Sources */,
				5C589B201D3BBE6D006225C4 /* main.m in Sources */,
			);
			runOnlyForDeploymentPostprocessing = 0;
		};
		5C589B301D3BBE6D006225C4 /* Sources */ = {
			isa = PBXSourcesBuildPhase;
			buildActionMask = 2147483647;
			files = (
				5C589B391D3BBE6D006225C4 /* DEMOTests.m in Sources */,
			);
			runOnlyForDeploymentPostprocessing = 0;
		};
		5C589B3B1D3BBE6D006225C4 /* Sources */ = {
			isa = PBXSourcesBuildPhase;
			buildActionMask = 2147483647;
			files = (
				5C589B441D3BBE6D006225C4 /* DEMOUITests.m in Sources */,
			);
			runOnlyForDeploymentPostprocessing = 0;
		};
/* End PBXSourcesBuildPhase section */

/* Begin PBXTargetDependency section */
		5C589B361D3BBE6D006225C4 /* PBXTargetDependency */ = {
			isa = PBXTargetDependency;
			target = 5C589B1A1D3BBE6D006225C4 /* DEMO */;
			targetProxy = 5C589B351D3BBE6D006225C4 /* PBXContainerItemProxy */;
		};
		5C589B411D3BBE6D006225C4 /* PBXTargetDependency */ = {
			isa = PBXTargetDependency;
			target = 5C589B1A1D3BBE6D006225C4 /* DEMO */;
			targetProxy = 5C589B401D3BBE6D006225C4 /* PBXContainerItemProxy */;
		};
/* End PBXTargetDependency section */

/* Begin PBXVariantGroup section */
		5C589B271D3BBE6D006225C4 /* Main.storyboard */ = {
			isa = PBXVariantGroup;
			children = (
				5C589B281D3BBE6D006225C4 /* Base */,
			);
			name = Main.storyboard;
			sourceTree = "<group>";
		};
		5C589B2C1D3BBE6D006225C4 /* LaunchScreen.storyboard */ = {
			isa = PBXVariantGroup;
			children = (
				5C589B2D1D3BBE6D006225C4 /* Base */,
			);
			name = LaunchScreen.storyboard;
			sourceTree = "<group>";
		};
/* End PBXVariantGroup section */

/* Begin XCBuildConfiguration section */
		5C589B461D3BBE6D006225C4 /* Debug */ = {
			isa = XCBuildConfiguration;
			buildSettings = {
				ALWAYS_SEARCH_USER_PATHS = NO;
				CLANG_ANALYZER_NONNULL = YES;
				CLANG_CXX_LANGUAGE_STANDARD = "gnu++0x";
				CLANG_CXX_LIBRARY = "libc++";
				CLANG_ENABLE_MODULES = YES;
				CLANG_ENABLE_OBJC_ARC = YES;
				CLANG_WARN_BOOL_CONVERSION = YES;
				CLANG_WARN_CONSTANT_CONVERSION = YES;
				CLANG_WARN_DIRECT_OBJC_ISA_USAGE = YES_ERROR;
				CLANG_WARN_EMPTY_BODY = YES;
				CLANG_WARN_ENUM_CONVERSION = YES;
				CLANG_WARN_INT_CONVERSION = YES;
				CLANG_WARN_OBJC_ROOT_CLASS = YES_ERROR;
				CLANG_WARN_UNREACHABLE_CODE = YES;
				CLANG_WARN__DUPLICATE_METHOD_MATCH = YES;
				"CODE_SIGN_IDENTITY[sdk=iphoneos*]" = "iPhone Developer";
				COPY_PHASE_STRIP = NO;
				DEBUG_INFORMATION_FORMAT = dwarf;
				ENABLE_STRICT_OBJC_MSGSEND = YES;
				ENABLE_TESTABILITY = YES;
				GCC_C_LANGUAGE_STANDARD = gnu99;
				GCC_DYNAMIC_NO_PIC = NO;
				GCC_NO_COMMON_BLOCKS = YES;
				GCC_OPTIMIZATION_LEVEL = 0;
				GCC_PREPROCESSOR_DEFINITIONS = (
					"DEBUG=1",
					"$(inherited)",
				);
				GCC_WARN_64_TO_32_BIT_CONVERSION = YES;
				GCC_WARN_ABOUT_RETURN_TYPE = YES_ERROR;
				GCC_WARN_UNDECLARED_SELECTOR = YES;
				GCC_WARN_UNINITIALIZED_AUTOS = YES_AGGRESSIVE;
				GCC_WARN_UNUSED_FUNCTION = YES;
				GCC_WARN_UNUSED_VARIABLE = YES;
				IPHONEOS_DEPLOYMENT_TARGET = 9.3;
				MTL_ENABLE_DEBUG_INFO = YES;
				ONLY_ACTIVE_ARCH = YES;
				SDKROOT = iphoneos;
			};
			name = Debug;
		};
		5C589B471D3BBE6D006225C4 /* Release */ = {
			isa = XCBuildConfiguration;
			buildSettings = {
				ALWAYS_SEARCH_USER_PATHS = NO;
				CLANG_ANALYZER_NONNULL = YES;
				CLANG_CXX_LANGUAGE_STANDARD = "gnu++0x";
				CLANG_CXX_LIBRARY = "libc++";
				CLANG_ENABLE_MODULES = YES;
				CLANG_ENABLE_OBJC_ARC = YES;
				CLANG_WARN_BOOL_CONVERSION = YES;
				CLANG_WARN_CONSTANT_CONVERSION = YES;
				CLANG_WARN_DIRECT_OBJC_ISA_USAGE = YES_ERROR;
				CLANG_WARN_EMPTY_BODY = YES;
				CLANG_WARN_ENUM_CONVERSION = YES;
				CLANG_WARN_INT_CONVERSION = YES;
				CLANG_WARN_OBJC_ROOT_CLASS = YES_ERROR;
				CLANG_WARN_UNREACHABLE_CODE = YES;
				CLANG_WARN__DUPLICATE_METHOD_MATCH = YES;
				"CODE_SIGN_IDENTITY[sdk=iphoneos*]" = "iPhone Developer";
				COPY_PHASE_STRIP = NO;
				DEBUG_INFORMATION_FORMAT = "dwarf-with-dsym";
				ENABLE_NS_ASSERTIONS = NO;
				ENABLE_STRICT_OBJC_MSGSEND = YES;
				GCC_C_LANGUAGE_STANDARD = gnu99;
				GCC_NO_COMMON_BLOCKS = YES;
				GCC_WARN_64_TO_32_BIT_CONVERSION = YES;
				GCC_WARN_ABOUT_RETURN_TYPE = YES_ERROR;
				GCC_WARN_UNDECLARED_SELECTOR = YES;
				GCC_WARN_UNINITIALIZED_AUTOS = YES_AGGRESSIVE;
				GCC_WARN_UNUSED_FUNCTION = YES;
				GCC_WARN_UNUSED_VARIABLE = YES;
				IPHONEOS_DEPLOYMENT_TARGET = 9.3;
				MTL_ENABLE_DEBUG_INFO = NO;
				SDKROOT = iphoneos;
				VALIDATE_PRODUCT = YES;
			};
			name = Release;
		};
		5C589B491D3BBE6D006225C4 /* Debug */ = {
			isa = XCBuildConfiguration;
			buildSettings = {
				ASSETCATALOG_COMPILER_APPICON_NAME = AppIcon;
				INFOPLIST_FILE = DEMO/Info.plist;
				LD_RUNPATH_SEARCH_PATHS = "$(inherited) @executable_path/Frameworks";
				PRODUCT_BUNDLE_IDENTIFIER = com.xizhongwei.DEMO;
				PRODUCT_NAME = "$(TARGET_NAME)";
			};
			name = Debug;
		};
		5C589B4A1D3BBE6D006225C4 /* Release */ = {
			isa = XCBuildConfiguration;
			buildSettings = {
				ASSETCATALOG_COMPILER_APPICON_NAME = AppIcon;
				INFOPLIST_FILE = DEMO/Info.plist;
				LD_RUNPATH_SEARCH_PATHS = "$(inherited) @executable_path/Frameworks";
				PRODUCT_BUNDLE_IDENTIFIER = com.xizhongwei.DEMO;
				PRODUCT_NAME = "$(TARGET_NAME)";
			};
			name = Release;
		};
		5C589B4C1D3BBE6D006225C4 /* Debug */ = {
			isa = XCBuildConfiguration;
			buildSettings = {
				BUNDLE_LOADER = "$(TEST_HOST)";
				INFOPLIST_FILE = DEMOTests/Info.plist;
				LD_RUNPATH_SEARCH_PATHS = "$(inherited) @executable_path/Frameworks @loader_path/Frameworks";
				PRODUCT_BUNDLE_IDENTIFIER = com.xizhongwei.DEMOTests;
				PRODUCT_NAME = "$(TARGET_NAME)";
				TEST_HOST = "$(BUILT_PRODUCTS_DIR)/DEMO.app/DEMO";
			};
			name = Debug;
		};
		5C589B4D1D3BBE6D006225C4 /* Release */ = {
			isa = XCBuildConfiguration;
			buildSettings = {
				BUNDLE_LOADER = "$(TEST_HOST)";
				INFOPLIST_FILE = DEMOTests/Info.plist;
				LD_RUNPATH_SEARCH_PATHS = "$(inherited) @executable_path/Frameworks @loader_path/Frameworks";
				PRODUCT_BUNDLE_IDENTIFIER = com.xizhongwei.DEMOTests;
				PRODUCT_NAME = "$(TARGET_NAME)";
				TEST_HOST = "$(BUILT_PRODUCTS_DIR)/DEMO.app/DEMO";
			};
			name = Release;
		};
		5C589B4F1D3BBE6D006225C4 /* Debug */ = {
			isa = XCBuildConfiguration;
			buildSettings = {
				INFOPLIST_FILE = DEMOUITests/Info.plist;
				LD_RUNPATH_SEARCH_PATHS = "$(inherited) @executable_path/Frameworks @loader_path/Frameworks";
				PRODUCT_BUNDLE_IDENTIFIER = com.xizhongwei.DEMOUITests;
				PRODUCT_NAME = "$(TARGET_NAME)";
				TEST_TARGET_NAME = DEMO;
			};
			name = Debug;
		};
		5C589B501D3BBE6D006225C4 /* Release */ = {
			isa = XCBuildConfiguration;
			buildSettings = {
				INFOPLIST_FILE = DEMOUITests/Info.plist;
				LD_RUNPATH_SEARCH_PATHS = "$(inherited) @executable_path/Frameworks @loader_path/Frameworks";
				PRODUCT_BUNDLE_IDENTIFIER = com.xizhongwei.DEMOUITests;
				PRODUCT_NAME = "$(TARGET_NAME)";
				TEST_TARGET_NAME = DEMO;
			};
			name = Release;
		};
/* End XCBuildConfiguration section */

/* Begin XCConfigurationList section */
		5C589B161D3BBE6D006225C4 /* Build configuration list for PBXProject "DEMO" */ = {
			isa = XCConfigurationList;
			buildConfigurations = (
				5C589B461D3BBE6D006225C4 /* Debug */,
				5C589B471D3BBE6D006225C4 /* Release */,
			);
			defaultConfigurationIsVisible = 0;
			defaultConfigurationName = Release;
		};
		5C589B481D3BBE6D006225C4 /* Build configuration list for PBXNativeTarget "DEMO" */ = {
			isa = XCConfigurationList;
			buildConfigurations = (
				5C589B491D3BBE6D006225C4 /* Debug */,
				5C589B4A1D3BBE6D006225C4 /* Release */,
			);
			defaultConfigurationIsVisible = 0;
		};
		5C589B4B1D3BBE6D006225C4 /* Build configuration list for PBXNativeTarget "DEMOTests" */ = {
			isa = XCConfigurationList;
			buildConfigurations = (
				5C589B4C1D3BBE6D006225C4 /* Debug */,
				5C589B4D1D3BBE6D006225C4 /* Release */,
			);
			defaultConfigurationIsVisible = 0;
		};
		5C589B4E1D3BBE6D006225C4 /* Build configuration list for PBXNativeTarget "DEMOUITests" */ = {
			isa = XCConfigurationList;
			buildConfigurations = (
				5C589B4F1D3BBE6D006225C4 /* Debug */,
				5C589B501D3BBE6D006225C4 /* Release */,
			);
			defaultConfigurationIsVisible = 0;
		};
/* End XCConfigurationList section */
	};
	rootObject = 5C589B131D3BBE6D006225C4 /* Project object */;
}
